// !$*UTF8*$!
{
	archiveVersion = 1;
	classes = {
	};
	objectVersion = 51;
	objects = {

/* Begin PBXBuildFile section */
		536C02E425DEC627009D4D38 /* AppDelegate.swift in Sources */ = {isa = PBXBuildFile; fileRef = 536C02E325DEC627009D4D38 /* AppDelegate.swift */; };
		536C02E625DEC627009D4D38 /* SceneDelegate.swift in Sources */ = {isa = PBXBuildFile; fileRef = 536C02E525DEC627009D4D38 /* SceneDelegate.swift */; };
		536C02E825DEC627009D4D38 /* ViewController.swift in Sources */ = {isa = PBXBuildFile; fileRef = 536C02E725DEC627009D4D38 /* ViewController.swift */; };
		536C02EB25DEC627009D4D38 /* Main.storyboard in Resources */ = {isa = PBXBuildFile; fileRef = 536C02E925DEC627009D4D38 /* Main.storyboard */; };
		536C02ED25DEC62A009D4D38 /* Assets.xcassets in Resources */ = {isa = PBXBuildFile; fileRef = 536C02EC25DEC62A009D4D38 /* Assets.xcassets */; };
		536C02F025DEC62A009D4D38 /* LaunchScreen.storyboard in Resources */ = {isa = PBXBuildFile; fileRef = 536C02EE25DEC62A009D4D38 /* LaunchScreen.storyboard */; };
		536C02FB25DEC62A009D4D38 /* ImageAlbumTests.swift in Sources */ = {isa = PBXBuildFile; fileRef = 536C02FA25DEC62A009D4D38 /* ImageAlbumTests.swift */; };
		536C030625DEC62A009D4D38 /* ImageAlbumUITests.swift in Sources */ = {isa = PBXBuildFile; fileRef = 536C030525DEC62A009D4D38 /* ImageAlbumUITests.swift */; };
		536C032025DEC99C009D4D38 /* APIRouter.swift in Sources */ = {isa = PBXBuildFile; fileRef = 536C031F25DEC99C009D4D38 /* APIRouter.swift */; };
		536C032825DEC9AD009D4D38 /* APIClient.swift in Sources */ = {isa = PBXBuildFile; fileRef = 536C032725DEC9AD009D4D38 /* APIClient.swift */; };
		536C033B25DECD3B009D4D38 /* Constants.swift in Sources */ = {isa = PBXBuildFile; fileRef = 536C033A25DECD3B009D4D38 /* Constants.swift */; };
		536C034125DEDC26009D4D38 /* AlbumCell.swift in Sources */ = {isa = PBXBuildFile; fileRef = 536C034025DEDC26009D4D38 /* AlbumCell.swift */; };
		536C034625DEF305009D4D38 /* AlbumViewModel.swift in Sources */ = {isa = PBXBuildFile; fileRef = 536C034525DEF305009D4D38 /* AlbumViewModel.swift */; };
		536C034B25DEF3A4009D4D38 /* AlbumModel.swift in Sources */ = {isa = PBXBuildFile; fileRef = 536C034A25DEF3A4009D4D38 /* AlbumModel.swift */; };
		73E8354A67062EE8B9A51576 /* Pods_ImageAlbum.framework in Frameworks */ = {isa = PBXBuildFile; fileRef = 15CBE5FB2836D42DD37825CE /* Pods_ImageAlbum.framework */; };
		93942249BEEFDF3C5AF3D5E9 /* Pods_ImageAlbumTests.framework in Frameworks */ = {isa = PBXBuildFile; fileRef = D9BAB5A666CD0B308E6BE9D2 /* Pods_ImageAlbumTests.framework */; };
		D591B2E2363E2207D854DED6 /* Pods_ImageAlbum_ImageAlbumUITests.framework in Frameworks */ = {isa = PBXBuildFile; fileRef = 12059ABC224F3F9937EF1035 /* Pods_ImageAlbum_ImageAlbumUITests.framework */; };
/* End PBXBuildFile section */

/* Begin PBXContainerItemProxy section */
		536C02F725DEC62A009D4D38 /* PBXContainerItemProxy */ = {
			isa = PBXContainerItemProxy;
			containerPortal = 536C02D825DEC627009D4D38 /* Project object */;
			proxyType = 1;
			remoteGlobalIDString = 536C02DF25DEC627009D4D38;
			remoteInfo = ImageAlbum;
		};
		536C030225DEC62A009D4D38 /* PBXContainerItemProxy */ = {
			isa = PBXContainerItemProxy;
			containerPortal = 536C02D825DEC627009D4D38 /* Project object */;
			proxyType = 1;
			remoteGlobalIDString = 536C02DF25DEC627009D4D38;
			remoteInfo = ImageAlbum;
		};
/* End PBXContainerItemProxy section */

/* Begin PBXFileReference section */
		12059ABC224F3F9937EF1035 /* Pods_ImageAlbum_ImageAlbumUITests.framework */ = {isa = PBXFileReference; explicitFileType = wrapper.framework; includeInIndex = 0; path = Pods_ImageAlbum_ImageAlbumUITests.framework; sourceTree = BUILT_PRODUCTS_DIR; };
		15CBE5FB2836D42DD37825CE /* Pods_ImageAlbum.framework */ = {isa = PBXFileReference; explicitFileType = wrapper.framework; includeInIndex = 0; path = Pods_ImageAlbum.framework; sourceTree = BUILT_PRODUCTS_DIR; };
		536C02E025DEC627009D4D38 /* ImageAlbum.app */ = {isa = PBXFileReference; explicitFileType = wrapper.application; includeInIndex = 0; path = ImageAlbum.app; sourceTree = BUILT_PRODUCTS_DIR; };
		536C02E325DEC627009D4D38 /* AppDelegate.swift */ = {isa = PBXFileReference; lastKnownFileType = sourcecode.swift; path = AppDelegate.swift; sourceTree = "<group>"; };
		536C02E525DEC627009D4D38 /* SceneDelegate.swift */ = {isa = PBXFileReference; lastKnownFileType = sourcecode.swift; path = SceneDelegate.swift; sourceTree = "<group>"; };
		536C02E725DEC627009D4D38 /* ViewController.swift */ = {isa = PBXFileReference; lastKnownFileType = sourcecode.swift; path = ViewController.swift; sourceTree = "<group>"; };
		536C02EA25DEC627009D4D38 /* Base */ = {isa = PBXFileReference; lastKnownFileType = file.storyboard; name = Base; path = Base.lproj/Main.storyboard; sourceTree = "<group>"; };
		536C02EC25DEC62A009D4D38 /* Assets.xcassets */ = {isa = PBXFileReference; lastKnownFileType = folder.assetcatalog; path = Assets.xcassets; sourceTree = "<group>"; };
		536C02EF25DEC62A009D4D38 /* Base */ = {isa = PBXFileReference; lastKnownFileType = file.storyboard; name = Base; path = Base.lproj/LaunchScreen.storyboard; sourceTree = "<group>"; };
		536C02F125DEC62A009D4D38 /* Info.plist */ = {isa = PBXFileReference; lastKnownFileType = text.plist.xml; path = Info.plist; sourceTree = "<group>"; };
		536C02F625DEC62A009D4D38 /* ImageAlbumTests.xctest */ = {isa = PBXFileReference; explicitFileType = wrapper.cfbundle; includeInIndex = 0; path = ImageAlbumTests.xctest; sourceTree = BUILT_PRODUCTS_DIR; };
		536C02FA25DEC62A009D4D38 /* ImageAlbumTests.swift */ = {isa = PBXFileReference; lastKnownFileType = sourcecode.swift; path = ImageAlbumTests.swift; sourceTree = "<group>"; };
		536C02FC25DEC62A009D4D38 /* Info.plist */ = {isa = PBXFileReference; lastKnownFileType = text.plist.xml; path = Info.plist; sourceTree = "<group>"; };
		536C030125DEC62A009D4D38 /* ImageAlbumUITests.xctest */ = {isa = PBXFileReference; explicitFileType = wrapper.cfbundle; includeInIndex = 0; path = ImageAlbumUITests.xctest; sourceTree = BUILT_PRODUCTS_DIR; };
		536C030525DEC62A009D4D38 /* ImageAlbumUITests.swift */ = {isa = PBXFileReference; lastKnownFileType = sourcecode.swift; path = ImageAlbumUITests.swift; sourceTree = "<group>"; };
		536C030725DEC62A009D4D38 /* Info.plist */ = {isa = PBXFileReference; lastKnownFileType = text.plist.xml; path = Info.plist; sourceTree = "<group>"; };
		536C031F25DEC99C009D4D38 /* APIRouter.swift */ = {isa = PBXFileReference; lastKnownFileType = sourcecode.swift; path = APIRouter.swift; sourceTree = "<group>"; };
		536C032725DEC9AD009D4D38 /* APIClient.swift */ = {isa = PBXFileReference; lastKnownFileType = sourcecode.swift; path = APIClient.swift; sourceTree = "<group>"; };
		536C033A25DECD3B009D4D38 /* Constants.swift */ = {isa = PBXFileReference; lastKnownFileType = sourcecode.swift; path = Constants.swift; sourceTree = "<group>"; };
		536C034025DEDC26009D4D38 /* AlbumCell.swift */ = {isa = PBXFileReference; lastKnownFileType = sourcecode.swift; path = AlbumCell.swift; sourceTree = "<group>"; };
		536C034525DEF305009D4D38 /* AlbumViewModel.swift */ = {isa = PBXFileReference; lastKnownFileType = sourcecode.swift; path = AlbumViewModel.swift; sourceTree = "<group>"; };
		536C034A25DEF3A4009D4D38 /* AlbumModel.swift */ = {isa = PBXFileReference; lastKnownFileType = sourcecode.swift; path = AlbumModel.swift; sourceTree = "<group>"; };
		74A8381F90A896AABCB4B621 /* Pods-ImageAlbum.debug.xcconfig */ = {isa = PBXFileReference; includeInIndex = 1; lastKnownFileType = text.xcconfig; name = "Pods-ImageAlbum.debug.xcconfig"; path = "Target Support Files/Pods-ImageAlbum/Pods-ImageAlbum.debug.xcconfig"; sourceTree = "<group>"; };
		8150C1FD7B8E2AA6A778268A /* Pods-ImageAlbum-ImageAlbumUITests.release.xcconfig */ = {isa = PBXFileReference; includeInIndex = 1; lastKnownFileType = text.xcconfig; name = "Pods-ImageAlbum-ImageAlbumUITests.release.xcconfig"; path = "Target Support Files/Pods-ImageAlbum-ImageAlbumUITests/Pods-ImageAlbum-ImageAlbumUITests.release.xcconfig"; sourceTree = "<group>"; };
		94D203FE6137B0045761390A /* Pods-ImageAlbumTests.release.xcconfig */ = {isa = PBXFileReference; includeInIndex = 1; lastKnownFileType = text.xcconfig; name = "Pods-ImageAlbumTests.release.xcconfig"; path = "Target Support Files/Pods-ImageAlbumTests/Pods-ImageAlbumTests.release.xcconfig"; sourceTree = "<group>"; };
		CAF6801EC5F16D0EBB3D6191 /* Pods-ImageAlbumTests.debug.xcconfig */ = {isa = PBXFileReference; includeInIndex = 1; lastKnownFileType = text.xcconfig; name = "Pods-ImageAlbumTests.debug.xcconfig"; path = "Target Support Files/Pods-ImageAlbumTests/Pods-ImageAlbumTests.debug.xcconfig"; sourceTree = "<group>"; };
		CD23C298705E432FBB3F76A6 /* Pods-ImageAlbum.release.xcconfig */ = {isa = PBXFileReference; includeInIndex = 1; lastKnownFileType = text.xcconfig; name = "Pods-ImageAlbum.release.xcconfig"; path = "Target Support Files/Pods-ImageAlbum/Pods-ImageAlbum.release.xcconfig"; sourceTree = "<group>"; };
		D9BAB5A666CD0B308E6BE9D2 /* Pods_ImageAlbumTests.framework */ = {isa = PBXFileReference; explicitFileType = wrapper.framework; includeInIndex = 0; path = Pods_ImageAlbumTests.framework; sourceTree = BUILT_PRODUCTS_DIR; };
		FDF05EDDA041EBCB55F0AE57 /* Pods-ImageAlbum-ImageAlbumUITests.debug.xcconfig */ = {isa = PBXFileReference; includeInIndex = 1; lastKnownFileType = text.xcconfig; name = "Pods-ImageAlbum-ImageAlbumUITests.debug.xcconfig"; path = "Target Support Files/Pods-ImageAlbum-ImageAlbumUITests/Pods-ImageAlbum-ImageAlbumUITests.debug.xcconfig"; sourceTree = "<group>"; };
/* End PBXFileReference section */

/* Begin PBXFrameworksBuildPhase section */
		536C02DD25DEC627009D4D38 /* Frameworks */ = {
			isa = PBXFrameworksBuildPhase;
			buildActionMask = 2147483647;
			files = (
				73E8354A67062EE8B9A51576 /* Pods_ImageAlbum.framework in Frameworks */,
			);
			runOnlyForDeploymentPostprocessing = 0;
		};
		536C02F325DEC62A009D4D38 /* Frameworks */ = {
			isa = PBXFrameworksBuildPhase;
			buildActionMask = 2147483647;
			files = (
				93942249BEEFDF3C5AF3D5E9 /* Pods_ImageAlbumTests.framework in Frameworks */,
			);
			runOnlyForDeploymentPostprocessing = 0;
		};
		536C02FE25DEC62A009D4D38 /* Frameworks */ = {
			isa = PBXFrameworksBuildPhase;
			buildActionMask = 2147483647;
			files = (
				D591B2E2363E2207D854DED6 /* Pods_ImageAlbum_ImageAlbumUITests.framework in Frameworks */,
			);
			runOnlyForDeploymentPostprocessing = 0;
		};
/* End PBXFrameworksBuildPhase section */

/* Begin PBXGroup section */
		536C02D725DEC627009D4D38 = {
			isa = PBXGroup;
			children = (
				536C02E225DEC627009D4D38 /* ImageAlbum */,
				536C02F925DEC62A009D4D38 /* ImageAlbumTests */,
				536C030425DEC62A009D4D38 /* ImageAlbumUITests */,
				536C02E125DEC627009D4D38 /* Products */,
				655A6C5E1A5A03B933BF850C /* Pods */,
				F1D724C37466973A222E069D /* Frameworks */,
			);
			sourceTree = "<group>";
		};
		536C02E125DEC627009D4D38 /* Products */ = {
			isa = PBXGroup;
			children = (
				536C02E025DEC627009D4D38 /* ImageAlbum.app */,
				536C02F625DEC62A009D4D38 /* ImageAlbumTests.xctest */,
				536C030125DEC62A009D4D38 /* ImageAlbumUITests.xctest */,
			);
			name = Products;
			sourceTree = "<group>";
		};
		536C02E225DEC627009D4D38 /* ImageAlbum */ = {
			isa = PBXGroup;
			children = (
				536C033F25DEDBFA009D4D38 /* View */,
				536C033925DECD27009D4D38 /* Utility */,
				536C031E25DEC96B009D4D38 /* Network Manager */,
				536C031D25DEC8E6009D4D38 /* VIew Model */,
				536C031C25DEC8DF009D4D38 /* Model */,
				536C031B25DEC8C1009D4D38 /* Controller */,
				536C031925DEC849009D4D38 /* App Delegate */,
				536C02E925DEC627009D4D38 /* Main.storyboard */,
				536C02EC25DEC62A009D4D38 /* Assets.xcassets */,
				536C02EE25DEC62A009D4D38 /* LaunchScreen.storyboard */,
				536C02F125DEC62A009D4D38 /* Info.plist */,
			);
			path = ImageAlbum;
			sourceTree = "<group>";
		};
		536C02F925DEC62A009D4D38 /* ImageAlbumTests */ = {
			isa = PBXGroup;
			children = (
				536C02FA25DEC62A009D4D38 /* ImageAlbumTests.swift */,
				536C02FC25DEC62A009D4D38 /* Info.plist */,
			);
			path = ImageAlbumTests;
			sourceTree = "<group>";
		};
		536C030425DEC62A009D4D38 /* ImageAlbumUITests */ = {
			isa = PBXGroup;
			children = (
				536C030525DEC62A009D4D38 /* ImageAlbumUITests.swift */,
				536C030725DEC62A009D4D38 /* Info.plist */,
			);
			path = ImageAlbumUITests;
			sourceTree = "<group>";
		};
		536C031925DEC849009D4D38 /* App Delegate */ = {
			isa = PBXGroup;
			children = (
				536C02E325DEC627009D4D38 /* AppDelegate.swift */,
				536C02E525DEC627009D4D38 /* SceneDelegate.swift */,
			);
			path = "App Delegate";
			sourceTree = "<group>";
		};
		536C031B25DEC8C1009D4D38 /* Controller */ = {
			isa = PBXGroup;
			children = (
				536C02E725DEC627009D4D38 /* ViewController.swift */,
			);
			path = Controller;
			sourceTree = "<group>";
		};
		536C031C25DEC8DF009D4D38 /* Model */ = {
			isa = PBXGroup;
			children = (
				536C034A25DEF3A4009D4D38 /* AlbumModel.swift */,
			);
			path = Model;
			sourceTree = "<group>";
		};
		536C031D25DEC8E6009D4D38 /* VIew Model */ = {
			isa = PBXGroup;
			children = (
				536C034525DEF305009D4D38 /* AlbumViewModel.swift */,
			);
			path = "VIew Model";
			sourceTree = "<group>";
		};
		536C031E25DEC96B009D4D38 /* Network Manager */ = {
			isa = PBXGroup;
			children = (
				536C031F25DEC99C009D4D38 /* APIRouter.swift */,
				536C032725DEC9AD009D4D38 /* APIClient.swift */,
			);
			path = "Network Manager";
			sourceTree = "<group>";
		};
		536C033925DECD27009D4D38 /* Utility */ = {
			isa = PBXGroup;
			children = (
				536C033A25DECD3B009D4D38 /* Constants.swift */,
			);
			path = Utility;
			sourceTree = "<group>";
		};
		536C033F25DEDBFA009D4D38 /* View */ = {
			isa = PBXGroup;
			children = (
				536C034025DEDC26009D4D38 /* AlbumCell.swift */,
			);
			path = View;
			sourceTree = "<group>";
		};
		655A6C5E1A5A03B933BF850C /* Pods */ = {
			isa = PBXGroup;
			children = (
				74A8381F90A896AABCB4B621 /* Pods-ImageAlbum.debug.xcconfig */,
				CD23C298705E432FBB3F76A6 /* Pods-ImageAlbum.release.xcconfig */,
				FDF05EDDA041EBCB55F0AE57 /* Pods-ImageAlbum-ImageAlbumUITests.debug.xcconfig */,
				8150C1FD7B8E2AA6A778268A /* Pods-ImageAlbum-ImageAlbumUITests.release.xcconfig */,
				CAF6801EC5F16D0EBB3D6191 /* Pods-ImageAlbumTests.debug.xcconfig */,
				94D203FE6137B0045761390A /* Pods-ImageAlbumTests.release.xcconfig */,
			);
			path = Pods;
			sourceTree = "<group>";
		};
		F1D724C37466973A222E069D /* Frameworks */ = {
			isa = PBXGroup;
			children = (
				15CBE5FB2836D42DD37825CE /* Pods_ImageAlbum.framework */,
				12059ABC224F3F9937EF1035 /* Pods_ImageAlbum_ImageAlbumUITests.framework */,
				D9BAB5A666CD0B308E6BE9D2 /* Pods_ImageAlbumTests.framework */,
			);
			name = Frameworks;
			sourceTree = "<group>";
		};
/* End PBXGroup section */

/* Begin PBXNativeTarget section */
		536C02DF25DEC627009D4D38 /* ImageAlbum */ = {
			isa = PBXNativeTarget;
			buildConfigurationList = 536C030A25DEC62A009D4D38 /* Build configuration list for PBXNativeTarget "ImageAlbum" */;
			buildPhases = (
				D99657DE6BAED0E0C7B7BCFB /* [CP] Check Pods Manifest.lock */,
				536C02DC25DEC627009D4D38 /* Sources */,
				536C02DD25DEC627009D4D38 /* Frameworks */,
				536C02DE25DEC627009D4D38 /* Resources */,
				E2A0486B1590A514C1F93AD3 /* [CP] Embed Pods Frameworks */,
			);
			buildRules = (
			);
			dependencies = (
			);
			name = ImageAlbum;
			productName = ImageAlbum;
			productReference = 536C02E025DEC627009D4D38 /* ImageAlbum.app */;
			productType = "com.apple.product-type.application";
		};
		536C02F525DEC62A009D4D38 /* ImageAlbumTests */ = {
			isa = PBXNativeTarget;
			buildConfigurationList = 536C030D25DEC62A009D4D38 /* Build configuration list for PBXNativeTarget "ImageAlbumTests" */;
			buildPhases = (
				B72A07DB0E079C7B0E22A851 /* [CP] Check Pods Manifest.lock */,
				536C02F225DEC62A009D4D38 /* Sources */,
				536C02F325DEC62A009D4D38 /* Frameworks */,
				536C02F425DEC62A009D4D38 /* Resources */,
				EDE8D141E8527B01B671B8CF /* [CP] Embed Pods Frameworks */,
			);
			buildRules = (
			);
			dependencies = (
				536C02F825DEC62A009D4D38 /* PBXTargetDependency */,
			);
			name = ImageAlbumTests;
			productName = ImageAlbumTests;
			productReference = 536C02F625DEC62A009D4D38 /* ImageAlbumTests.xctest */;
			productType = "com.apple.product-type.bundle.unit-test";
		};
		536C030025DEC62A009D4D38 /* ImageAlbumUITests */ = {
			isa = PBXNativeTarget;
			buildConfigurationList = 536C031025DEC62A009D4D38 /* Build configuration list for PBXNativeTarget "ImageAlbumUITests" */;
			buildPhases = (
				D662F74E6525913FCDC54FC7 /* [CP] Check Pods Manifest.lock */,
				536C02FD25DEC62A009D4D38 /* Sources */,
				536C02FE25DEC62A009D4D38 /* Frameworks */,
				536C02FF25DEC62A009D4D38 /* Resources */,
				56812BE0C28336869EDA4698 /* [CP] Embed Pods Frameworks */,
			);
			buildRules = (
			);
			dependencies = (
				536C030325DEC62A009D4D38 /* PBXTargetDependency */,
			);
			name = ImageAlbumUITests;
			productName = ImageAlbumUITests;
			productReference = 536C030125DEC62A009D4D38 /* ImageAlbumUITests.xctest */;
			productType = "com.apple.product-type.bundle.ui-testing";
		};
/* End PBXNativeTarget section */

/* Begin PBXProject section */
		536C02D825DEC627009D4D38 /* Project object */ = {
			isa = PBXProject;
			attributes = {
				LastSwiftUpdateCheck = 1220;
				LastUpgradeCheck = 1220;
				TargetAttributes = {
					536C02DF25DEC627009D4D38 = {
						CreatedOnToolsVersion = 12.2;
					};
					536C02F525DEC62A009D4D38 = {
						CreatedOnToolsVersion = 12.2;
						TestTargetID = 536C02DF25DEC627009D4D38;
					};
					536C030025DEC62A009D4D38 = {
						CreatedOnToolsVersion = 12.2;
						TestTargetID = 536C02DF25DEC627009D4D38;
					};
				};
			};
			buildConfigurationList = 536C02DB25DEC627009D4D38 /* Build configuration list for PBXProject "ImageAlbum" */;
			compatibilityVersion = "Xcode 9.3";
			developmentRegion = en;
			hasScannedForEncodings = 0;
			knownRegions = (
				en,
				Base,
			);
			mainGroup = 536C02D725DEC627009D4D38;
			productRefGroup = 536C02E125DEC627009D4D38 /* Products */;
			projectDirPath = "";
			projectRoot = "";
			targets = (
				536C02DF25DEC627009D4D38 /* ImageAlbum */,
				536C02F525DEC62A009D4D38 /* ImageAlbumTests */,
				536C030025DEC62A009D4D38 /* ImageAlbumUITests */,
			);
		};
/* End PBXProject section */

/* Begin PBXResourcesBuildPhase section */
		536C02DE25DEC627009D4D38 /* Resources */ = {
			isa = PBXResourcesBuildPhase;
			buildActionMask = 2147483647;
			files = (
				536C02F025DEC62A009D4D38 /* LaunchScreen.storyboard in Resources */,
				536C02ED25DEC62A009D4D38 /* Assets.xcassets in Resources */,
				536C02EB25DEC627009D4D38 /* Main.storyboard in Resources */,
			);
			runOnlyForDeploymentPostprocessing = 0;
		};
		536C02F425DEC62A009D4D38 /* Resources */ = {
			isa = PBXResourcesBuildPhase;
			buildActionMask = 2147483647;
			files = (
			);
			runOnlyForDeploymentPostprocessing = 0;
		};
		536C02FF25DEC62A009D4D38 /* Resources */ = {
			isa = PBXResourcesBuildPhase;
			buildActionMask = 2147483647;
			files = (
			);
			runOnlyForDeploymentPostprocessing = 0;
		};
/* End PBXResourcesBuildPhase section */

/* Begin PBXShellScriptBuildPhase section */
		56812BE0C28336869EDA4698 /* [CP] Embed Pods Frameworks */ = {
			isa = PBXShellScriptBuildPhase;
			buildActionMask = 2147483647;
			files = (
			);
			inputFileListPaths = (
				"${PODS_ROOT}/Target Support Files/Pods-ImageAlbum-ImageAlbumUITests/Pods-ImageAlbum-ImageAlbumUITests-frameworks-${CONFIGURATION}-input-files.xcfilelist",
			);
			name = "[CP] Embed Pods Frameworks";
			outputFileListPaths = (
				"${PODS_ROOT}/Target Support Files/Pods-ImageAlbum-ImageAlbumUITests/Pods-ImageAlbum-ImageAlbumUITests-frameworks-${CONFIGURATION}-output-files.xcfilelist",
			);
			runOnlyForDeploymentPostprocessing = 0;
			shellPath = /bin/sh;
			shellScript = "\"${PODS_ROOT}/Target Support Files/Pods-ImageAlbum-ImageAlbumUITests/Pods-ImageAlbum-ImageAlbumUITests-frameworks.sh\"\n";
			showEnvVarsInLog = 0;
		};
		B72A07DB0E079C7B0E22A851 /* [CP] Check Pods Manifest.lock */ = {
			isa = PBXShellScriptBuildPhase;
			buildActionMask = 2147483647;
			files = (
			);
			inputFileListPaths = (
			);
			inputPaths = (
				"${PODS_PODFILE_DIR_PATH}/Podfile.lock",
				"${PODS_ROOT}/Manifest.lock",
			);
			name = "[CP] Check Pods Manifest.lock";
			outputFileListPaths = (
			);
			outputPaths = (
				"$(DERIVED_FILE_DIR)/Pods-ImageAlbumTests-checkManifestLockResult.txt",
			);
			runOnlyForDeploymentPostprocessing = 0;
			shellPath = /bin/sh;
			shellScript = "diff \"${PODS_PODFILE_DIR_PATH}/Podfile.lock\" \"${PODS_ROOT}/Manifest.lock\" > /dev/null\nif [ $? != 0 ] ; then\n    # print error to STDERR\n    echo \"error: The sandbox is not in sync with the Podfile.lock. Run 'pod install' or update your CocoaPods installation.\" >&2\n    exit 1\nfi\n# This output is used by Xcode 'outputs' to avoid re-running this script phase.\necho \"SUCCESS\" > \"${SCRIPT_OUTPUT_FILE_0}\"\n";
			showEnvVarsInLog = 0;
		};
		D662F74E6525913FCDC54FC7 /* [CP] Check Pods Manifest.lock */ = {
			isa = PBXShellScriptBuildPhase;
			buildActionMask = 2147483647;
			files = (
			);
			inputFileListPaths = (
			);
			inputPaths = (
				"${PODS_PODFILE_DIR_PATH}/Podfile.lock",
				"${PODS_ROOT}/Manifest.lock",
			);
			name = "[CP] Check Pods Manifest.lock";
			outputFileListPaths = (
			);
			outputPaths = (
				"$(DERIVED_FILE_DIR)/Pods-ImageAlbum-ImageAlbumUITests-checkManifestLockResult.txt",
			);
			runOnlyForDeploymentPostprocessing = 0;
			shellPath = /bin/sh;
			shellScript = "diff \"${PODS_PODFILE_DIR_PATH}/Podfile.lock\" \"${PODS_ROOT}/Manifest.lock\" > /dev/null\nif [ $? != 0 ] ; then\n    # print error to STDERR\n    echo \"error: The sandbox is not in sync with the Podfile.lock. Run 'pod install' or update your CocoaPods installation.\" >&2\n    exit 1\nfi\n# This output is used by Xcode 'outputs' to avoid re-running this script phase.\necho \"SUCCESS\" > \"${SCRIPT_OUTPUT_FILE_0}\"\n";
			showEnvVarsInLog = 0;
		};
		D99657DE6BAED0E0C7B7BCFB /* [CP] Check Pods Manifest.lock */ = {
			isa = PBXShellScriptBuildPhase;
			buildActionMask = 2147483647;
			files = (
			);
			inputFileListPaths = (
			);
			inputPaths = (
				"${PODS_PODFILE_DIR_PATH}/Podfile.lock",
				"${PODS_ROOT}/Manifest.lock",
			);
			name = "[CP] Check Pods Manifest.lock";
			outputFileListPaths = (
			);
			outputPaths = (
				"$(DERIVED_FILE_DIR)/Pods-ImageAlbum-checkManifestLockResult.txt",
			);
			runOnlyForDeploymentPostprocessing = 0;
			shellPath = /bin/sh;
			shellScript = "diff \"${PODS_PODFILE_DIR_PATH}/Podfile.lock\" \"${PODS_ROOT}/Manifest.lock\" > /dev/null\nif [ $? != 0 ] ; then\n    # print error to STDERR\n    echo \"error: The sandbox is not in sync with the Podfile.lock. Run 'pod install' or update your CocoaPods installation.\" >&2\n    exit 1\nfi\n# This output is used by Xcode 'outputs' to avoid re-running this script phase.\necho \"SUCCESS\" > \"${SCRIPT_OUTPUT_FILE_0}\"\n";
			showEnvVarsInLog = 0;
		};
		E2A0486B1590A514C1F93AD3 /* [CP] Embed Pods Frameworks */ = {
			isa = PBXShellScriptBuildPhase;
			buildActionMask = 2147483647;
			files = (
			);
			inputFileListPaths = (
				"${PODS_ROOT}/Target Support Files/Pods-ImageAlbum/Pods-ImageAlbum-frameworks-${CONFIGURATION}-input-files.xcfilelist",
			);
			name = "[CP] Embed Pods Frameworks";
			outputFileListPaths = (
				"${PODS_ROOT}/Target Support Files/Pods-ImageAlbum/Pods-ImageAlbum-frameworks-${CONFIGURATION}-output-files.xcfilelist",
			);
			runOnlyForDeploymentPostprocessing = 0;
			shellPath = /bin/sh;
			shellScript = "\"${PODS_ROOT}/Target Support Files/Pods-ImageAlbum/Pods-ImageAlbum-frameworks.sh\"\n";
			showEnvVarsInLog = 0;
		};
		EDE8D141E8527B01B671B8CF /* [CP] Embed Pods Frameworks */ = {
			isa = PBXShellScriptBuildPhase;
			buildActionMask = 2147483647;
			files = (
			);
			inputFileListPaths = (
				"${PODS_ROOT}/Target Support Files/Pods-ImageAlbumTests/Pods-ImageAlbumTests-frameworks-${CONFIGURATION}-input-files.xcfilelist",
			);
			name = "[CP] Embed Pods Frameworks";
			outputFileListPaths = (
				"${PODS_ROOT}/Target Support Files/Pods-ImageAlbumTests/Pods-ImageAlbumTests-frameworks-${CONFIGURATION}-output-files.xcfilelist",
			);
			runOnlyForDeploymentPostprocessing = 0;
			shellPath = /bin/sh;
			shellScript = "\"${PODS_ROOT}/Target Support Files/Pods-ImageAlbumTests/Pods-ImageAlbumTests-frameworks.sh\"\n";
			showEnvVarsInLog = 0;
		};
/* End PBXShellScriptBuildPhase section */

/* Begin PBXSourcesBuildPhase section */
		536C02DC25DEC627009D4D38 /* Sources */ = {
			isa = PBXSourcesBuildPhase;
			buildActionMask = 2147483647;
			files = (
				536C02E825DEC627009D4D38 /* ViewController.swift in Sources */,
				536C032025DEC99C009D4D38 /* APIRouter.swift in Sources */,
				536C02E425DEC627009D4D38 /* AppDelegate.swift in Sources */,
				536C034125DEDC26009D4D38 /* AlbumCell.swift in Sources */,
				536C034B25DEF3A4009D4D38 /* AlbumModel.swift in Sources */,
				536C034625DEF305009D4D38 /* AlbumViewModel.swift in Sources */,
				536C032825DEC9AD009D4D38 /* APIClient.swift in Sources */,
				536C02E625DEC627009D4D38 /* SceneDelegate.swift in Sources */,
				536C033B25DECD3B009D4D38 /* Constants.swift in Sources */,
			);
			runOnlyForDeploymentPostprocessing = 0;
		};
		536C02F225DEC62A009D4D38 /* Sources */ = {
			isa = PBXSourcesBuildPhase;
			buildActionMask = 2147483647;
			files = (
				536C02FB25DEC62A009D4D38 /* ImageAlbumTests.swift in Sources */,
			);
			runOnlyForDeploymentPostprocessing = 0;
		};
		536C02FD25DEC62A009D4D38 /* Sources */ = {
			isa = PBXSourcesBuildPhase;
			buildActionMask = 2147483647;
			files = (
				536C030625DEC62A009D4D38 /* ImageAlbumUITests.swift in Sources */,
			);
			runOnlyForDeploymentPostprocessing = 0;
		};
/* End PBXSourcesBuildPhase section */

/* Begin PBXTargetDependency section */
		536C02F825DEC62A009D4D38 /* PBXTargetDependency */ = {
			isa = PBXTargetDependency;
			target = 536C02DF25DEC627009D4D38 /* ImageAlbum */;
			targetProxy = 536C02F725DEC62A009D4D38 /* PBXContainerItemProxy */;
		};
		536C030325DEC62A009D4D38 /* PBXTargetDependency */ = {
			isa = PBXTargetDependency;
			target = 536C02DF25DEC627009D4D38 /* ImageAlbum */;
			targetProxy = 536C030225DEC62A009D4D38 /* PBXContainerItemProxy */;
		};
/* End PBXTargetDependency section */

/* Begin PBXVariantGroup section */
		536C02E925DEC627009D4D38 /* Main.storyboard */ = {
			isa = PBXVariantGroup;
			children = (
				536C02EA25DEC627009D4D38 /* Base */,
			);
			name = Main.storyboard;
			sourceTree = "<group>";
		};
		536C02EE25DEC62A009D4D38 /* LaunchScreen.storyboard */ = {
			isa = PBXVariantGroup;
			children = (
				536C02EF25DEC62A009D4D38 /* Base */,
			);
			name = LaunchScreen.storyboard;
			sourceTree = "<group>";
		};
/* End PBXVariantGroup section */

/* Begin XCBuildConfiguration section */
		536C030825DEC62A009D4D38 /* Debug */ = {
			isa = XCBuildConfiguration;
			buildSettings = {
				ALWAYS_SEARCH_USER_PATHS = NO;
				CLANG_ANALYZER_NONNULL = YES;
				CLANG_ANALYZER_NUMBER_OBJECT_CONVERSION = YES_AGGRESSIVE;
				CLANG_CXX_LANGUAGE_STANDARD = "gnu++14";
				CLANG_CXX_LIBRARY = "libc++";
				CLANG_ENABLE_MODULES = YES;
				CLANG_ENABLE_OBJC_ARC = YES;
				CLANG_ENABLE_OBJC_WEAK = YES;
				CLANG_WARN_BLOCK_CAPTURE_AUTORELEASING = YES;
				CLANG_WARN_BOOL_CONVERSION = YES;
				CLANG_WARN_COMMA = YES;
				CLANG_WARN_CONSTANT_CONVERSION = YES;
				CLANG_WARN_DEPRECATED_OBJC_IMPLEMENTATIONS = YES;
				CLANG_WARN_DIRECT_OBJC_ISA_USAGE = YES_ERROR;
				CLANG_WARN_DOCUMENTATION_COMMENTS = YES;
				CLANG_WARN_EMPTY_BODY = YES;
				CLANG_WARN_ENUM_CONVERSION = YES;
				CLANG_WARN_INFINITE_RECURSION = YES;
				CLANG_WARN_INT_CONVERSION = YES;
				CLANG_WARN_NON_LITERAL_NULL_CONVERSION = YES;
				CLANG_WARN_OBJC_IMPLICIT_RETAIN_SELF = YES;
				CLANG_WARN_OBJC_LITERAL_CONVERSION = YES;
				CLANG_WARN_OBJC_ROOT_CLASS = YES_ERROR;
				CLANG_WARN_QUOTED_INCLUDE_IN_FRAMEWORK_HEADER = YES;
				CLANG_WARN_RANGE_LOOP_ANALYSIS = YES;
				CLANG_WARN_STRICT_PROTOTYPES = YES;
				CLANG_WARN_SUSPICIOUS_MOVE = YES;
				CLANG_WARN_UNGUARDED_AVAILABILITY = YES_AGGRESSIVE;
				CLANG_WARN_UNREACHABLE_CODE = YES;
				CLANG_WARN__DUPLICATE_METHOD_MATCH = YES;
				COPY_PHASE_STRIP = NO;
				DEBUG_INFORMATION_FORMAT = dwarf;
				ENABLE_STRICT_OBJC_MSGSEND = YES;
				ENABLE_TESTABILITY = YES;
				GCC_C_LANGUAGE_STANDARD = gnu11;
				GCC_DYNAMIC_NO_PIC = NO;
				GCC_NO_COMMON_BLOCKS = YES;
				GCC_OPTIMIZATION_LEVEL = 0;
				GCC_PREPROCESSOR_DEFINITIONS = (
					"DEBUG=1",
					"$(inherited)",
				);
				GCC_WARN_64_TO_32_BIT_CONVERSION = YES;
				GCC_WARN_ABOUT_RETURN_TYPE = YES_ERROR;
				GCC_WARN_UNDECLARED_SELECTOR = YES;
				GCC_WARN_UNINITIALIZED_AUTOS = YES_AGGRESSIVE;
				GCC_WARN_UNUSED_FUNCTION = YES;
				GCC_WARN_UNUSED_VARIABLE = YES;
				IPHONEOS_DEPLOYMENT_TARGET = 14.2;
				MTL_ENABLE_DEBUG_INFO = INCLUDE_SOURCE;
				MTL_FAST_MATH = YES;
				ONLY_ACTIVE_ARCH = YES;
				SDKROOT = iphoneos;
				SWIFT_ACTIVE_COMPILATION_CONDITIONS = DEBUG;
				SWIFT_OPTIMIZATION_LEVEL = "-Onone";
			};
			name = Debug;
		};
		536C030925DEC62A009D4D38 /* Release */ = {
			isa = XCBuildConfiguration;
			buildSettings = {
				ALWAYS_SEARCH_USER_PATHS = NO;
				CLANG_ANALYZER_NONNULL = YES;
				CLANG_ANALYZER_NUMBER_OBJECT_CONVERSION = YES_AGGRESSIVE;
				CLANG_CXX_LANGUAGE_STANDARD = "gnu++14";
				CLANG_CXX_LIBRARY = "libc++";
				CLANG_ENABLE_MODULES = YES;
				CLANG_ENABLE_OBJC_ARC = YES;
				CLANG_ENABLE_OBJC_WEAK = YES;
				CLANG_WARN_BLOCK_CAPTURE_AUTORELEASING = YES;
				CLANG_WARN_BOOL_CONVERSION = YES;
				CLANG_WARN_COMMA = YES;
				CLANG_WARN_CONSTANT_CONVERSION = YES;
				CLANG_WARN_DEPRECATED_OBJC_IMPLEMENTATIONS = YES;
				CLANG_WARN_DIRECT_OBJC_ISA_USAGE = YES_ERROR;
				CLANG_WARN_DOCUMENTATION_COMMENTS = YES;
				CLANG_WARN_EMPTY_BODY = YES;
				CLANG_WARN_ENUM_CONVERSION = YES;
				CLANG_WARN_INFINITE_RECURSION = YES;
				CLANG_WARN_INT_CONVERSION = YES;
				CLANG_WARN_NON_LITERAL_NULL_CONVERSION = YES;
				CLANG_WARN_OBJC_IMPLICIT_RETAIN_SELF = YES;
				CLANG_WARN_OBJC_LITERAL_CONVERSION = YES;
				CLANG_WARN_OBJC_ROOT_CLASS = YES_ERROR;
				CLANG_WARN_QUOTED_INCLUDE_IN_FRAMEWORK_HEADER = YES;
				CLANG_WARN_RANGE_LOOP_ANALYSIS = YES;
				CLANG_WARN_STRICT_PROTOTYPES = YES;
				CLANG_WARN_SUSPICIOUS_MOVE = YES;
				CLANG_WARN_UNGUARDED_AVAILABILITY = YES_AGGRESSIVE;
				CLANG_WARN_UNREACHABLE_CODE = YES;
				CLANG_WARN__DUPLICATE_METHOD_MATCH = YES;
				COPY_PHASE_STRIP = NO;
				DEBUG_INFORMATION_FORMAT = "dwarf-with-dsym";
				ENABLE_NS_ASSERTIONS = NO;
				ENABLE_STRICT_OBJC_MSGSEND = YES;
				GCC_C_LANGUAGE_STANDARD = gnu11;
				GCC_NO_COMMON_BLOCKS = YES;
				GCC_WARN_64_TO_32_BIT_CONVERSION = YES;
				GCC_WARN_ABOUT_RETURN_TYPE = YES_ERROR;
				GCC_WARN_UNDECLARED_SELECTOR = YES;
				GCC_WARN_UNINITIALIZED_AUTOS = YES_AGGRESSIVE;
				GCC_WARN_UNUSED_FUNCTION = YES;
				GCC_WARN_UNUSED_VARIABLE = YES;
				IPHONEOS_DEPLOYMENT_TARGET = 14.2;
				MTL_ENABLE_DEBUG_INFO = NO;
				MTL_FAST_MATH = YES;
				SDKROOT = iphoneos;
				SWIFT_COMPILATION_MODE = wholemodule;
				SWIFT_OPTIMIZATION_LEVEL = "-O";
				VALIDATE_PRODUCT = YES;
			};
			name = Release;
		};
		536C030B25DEC62A009D4D38 /* Debug */ = {
			isa = XCBuildConfiguration;
			baseConfigurationReference = 74A8381F90A896AABCB4B621 /* Pods-ImageAlbum.debug.xcconfig */;
			buildSettings = {
				ASSETCATALOG_COMPILER_APPICON_NAME = AppIcon;
				ASSETCATALOG_COMPILER_GLOBAL_ACCENT_COLOR_NAME = AccentColor;
				CODE_SIGN_STYLE = Automatic;
				DEVELOPMENT_TEAM = Q626T374P5;
				INFOPLIST_FILE = ImageAlbum/Info.plist;
				LD_RUNPATH_SEARCH_PATHS = (
					"$(inherited)",
					"@executable_path/Frameworks",
				);
				PRODUCT_BUNDLE_IDENTIFIER = Dharasis.ImageAlbum;
				PRODUCT_NAME = "$(TARGET_NAME)";
				SWIFT_VERSION = 5.0;
				TARGETED_DEVICE_FAMILY = "1,2";
			};
			name = Debug;
		};
		536C030C25DEC62A009D4D38 /* Release */ = {
			isa = XCBuildConfiguration;
			baseConfigurationReference = CD23C298705E432FBB3F76A6 /* Pods-ImageAlbum.release.xcconfig */;
			buildSettings = {
				ASSETCATALOG_COMPILER_APPICON_NAME = AppIcon;
				ASSETCATALOG_COMPILER_GLOBAL_ACCENT_COLOR_NAME = AccentColor;
				CODE_SIGN_STYLE = Automatic;
				DEVELOPMENT_TEAM = Q626T374P5;
				INFOPLIST_FILE = ImageAlbum/Info.plist;
				LD_RUNPATH_SEARCH_PATHS = (
					"$(inherited)",
					"@executable_path/Frameworks",
				);
				PRODUCT_BUNDLE_IDENTIFIER = Dharasis.ImageAlbum;
				PRODUCT_NAME = "$(TARGET_NAME)";
				SWIFT_VERSION = 5.0;
				TARGETED_DEVICE_FAMILY = "1,2";
			};
			name = Release;
		};
		536C030E25DEC62A009D4D38 /* Debug */ = {
			isa = XCBuildConfiguration;
			baseConfigurationReference = CAF6801EC5F16D0EBB3D6191 /* Pods-ImageAlbumTests.debug.xcconfig */;
			buildSettings = {
				ALWAYS_EMBED_SWIFT_STANDARD_LIBRARIES = YES;
				BUNDLE_LOADER = "$(TEST_HOST)";
				CODE_SIGN_STYLE = Automatic;
				DEVELOPMENT_TEAM = Q626T374P5;
				INFOPLIST_FILE = ImageAlbumTests/Info.plist;
				IPHONEOS_DEPLOYMENT_TARGET = 14.2;
				LD_RUNPATH_SEARCH_PATHS = (
					"$(inherited)",
					"@executable_path/Frameworks",
					"@loader_path/Frameworks",
				);
				PRODUCT_BUNDLE_IDENTIFIER = Dharasis.ImageAlbumTests;
				PRODUCT_NAME = "$(TARGET_NAME)";
				SWIFT_VERSION = 5.0;
				TARGETED_DEVICE_FAMILY = "1,2";
				TEST_HOST = "$(BUILT_PRODUCTS_DIR)/ImageAlbum.app/ImageAlbum";
			};
			name = Debug;
		};
		536C030F25DEC62A009D4D38 /* Release */ = {
			isa = XCBuildConfiguration;
			baseConfigurationReference = 94D203FE6137B0045761390A /* Pods-ImageAlbumTests.release.xcconfig */;
			buildSettings = {
				ALWAYS_EMBED_SWIFT_STANDARD_LIBRARIES = YES;
				BUNDLE_LOADER = "$(TEST_HOST)";
				CODE_SIGN_STYLE = Automatic;
				DEVELOPMENT_TEAM = Q626T374P5;
				INFOPLIST_FILE = ImageAlbumTests/Info.plist;
				IPHONEOS_DEPLOYMENT_TARGET = 14.2;
				LD_RUNPATH_SEARCH_PATHS = (
					"$(inherited)",
					"@executable_path/Frameworks",
					"@loader_path/Frameworks",
				);
				PRODUCT_BUNDLE_IDENTIFIER = Dharasis.ImageAlbumTests;
				PRODUCT_NAME = "$(TARGET_NAME)";
				SWIFT_VERSION = 5.0;
				TARGETED_DEVICE_FAMILY = "1,2";
				TEST_HOST = "$(BUILT_PRODUCTS_DIR)/ImageAlbum.app/ImageAlbum";
			};
			name = Release;
		};
		536C031125DEC62A009D4D38 /* Debug */ = {
			isa = XCBuildConfiguration;
			baseConfigurationReference = FDF05EDDA041EBCB55F0AE57 /* Pods-ImageAlbum-ImageAlbumUITests.debug.xcconfig */;
			buildSettings = {
				ALWAYS_EMBED_SWIFT_STANDARD_LIBRARIES = YES;
				CODE_SIGN_STYLE = Automatic;
				DEVELOPMENT_TEAM = Q626T374P5;
				INFOPLIST_FILE = ImageAlbumUITests/Info.plist;
				LD_RUNPATH_SEARCH_PATHS = (
					"$(inherited)",
					"@executable_path/Frameworks",
					"@loader_path/Frameworks",
				);
				PRODUCT_BUNDLE_IDENTIFIER = Dharasis.ImageAlbumUITests;
				PRODUCT_NAME = "$(TARGET_NAME)";
				SWIFT_VERSION = 5.0;
				TARGETED_DEVICE_FAMILY = "1,2";
				TEST_TARGET_NAME = ImageAlbum;
			};
			name = Debug;
		};
		536C031225DEC62A009D4D38 /* Release */ = {
			isa = XCBuildConfiguration;
			baseConfigurationReference = 8150C1FD7B8E2AA6A778268A /* Pods-ImageAlbum-ImageAlbumUITests.release.xcconfig */;
			buildSettings = {
				ALWAYS_EMBED_SWIFT_STANDARD_LIBRARIES = YES;
				CODE_SIGN_STYLE = Automatic;
				DEVELOPMENT_TEAM = Q626T374P5;
				INFOPLIST_FILE = ImageAlbumUITests/Info.plist;
				LD_RUNPATH_SEARCH_PATHS = (
					"$(inherited)",
					"@executable_path/Frameworks",
					"@loader_path/Frameworks",
				);
				PRODUCT_BUNDLE_IDENTIFIER = Dharasis.ImageAlbumUITests;
				PRODUCT_NAME = "$(TARGET_NAME)";
				SWIFT_VERSION = 5.0;
				TARGETED_DEVICE_FAMILY = "1,2";
				TEST_TARGET_NAME = ImageAlbum;
			};
			name = Release;
		};
/* End XCBuildConfiguration section */

/* Begin XCConfigurationList section */
		536C02DB25DEC627009D4D38 /* Build configuration list for PBXProject "ImageAlbum" */ = {
			isa = XCConfigurationList;
			buildConfigurations = (
				536C030825DEC62A009D4D38 /* Debug */,
				536C030925DEC62A009D4D38 /* Release */,
			);
			defaultConfigurationIsVisible = 0;
			defaultConfigurationName = Release;
		};
		536C030A25DEC62A009D4D38 /* Build configuration list for PBXNativeTarget "ImageAlbum" */ = {
			isa = XCConfigurationList;
			buildConfigurations = (
				536C030B25DEC62A009D4D38 /* Debug */,
				536C030C25DEC62A009D4D38 /* Release */,
			);
			defaultConfigurationIsVisible = 0;
			defaultConfigurationName = Release;
		};
		536C030D25DEC62A009D4D38 /* Build configuration list for PBXNativeTarget "ImageAlbumTests" */ = {
			isa = XCConfigurationList;
			buildConfigurations = (
				536C030E25DEC62A009D4D38 /* Debug */,
				536C030F25DEC62A009D4D38 /* Release */,
			);
			defaultConfigurationIsVisible = 0;
			defaultConfigurationName = Release;
		};
		536C031025DEC62A009D4D38 /* Build configuration list for PBXNativeTarget "ImageAlbumUITests" */ = {
			isa = XCConfigurationList;
			buildConfigurations = (
				536C031125DEC62A009D4D38 /* Debug */,
				536C031225DEC62A009D4D38 /* Release */,
			);
			defaultConfigurationIsVisible = 0;
			defaultConfigurationName = Release;
		};
/* End XCConfigurationList section */
	};
	rootObject = 536C02D825DEC627009D4D38 /* Project object */;
}
